
Microsoft Visual Studio Solution File, Format Version 12.00
# Visual Studio 15
VisualStudioVersion = 15.0.28010.2019
MinimumVisualStudioVersion = 10.0.40219.1
Project("{FAE04EC0-301F-11D3-BF4B-00C04F79EFBC}") = "ConsoleApp6", "ConsoleApp6.csproj", "{ACF08DF7-9CEA-4095-9C11-A6E4F752BB7C}"
EndProject
Project("{FAE04EC0-301F-11D3-BF4B-00C04F79EFBC}") = "BallTests", "BallTests\BallTests.csproj", "{B4340E07-C4F1-47F1-9E18-46F334A4B1D2}"
EndProject
Global
	GlobalSection(SolutionConfigurationPlatforms) = preSolution
		Debug|Any CPU = Debug|Any CPU
		Release|Any CPU = Release|Any CPU
	EndGlobalSection
	GlobalSection(ProjectConfigurationPlatforms) = postSolution
		{ACF08DF7-9CEA-4095-9C11-A6E4F752BB7C}.Debug|Any CPU.ActiveCfg = Debug|Any CPU
		{ACF08DF7-9CEA-4095-9C11-A6E4F752BB7C}.Debug|Any CPU.Build.0 = Debug|Any CPU
		{ACF08DF7-9CEA-4095-9C11-A6E4F752BB7C}.Release|Any CPU.ActiveCfg = Release|Any CPU
		{ACF08DF7-9CEA-4095-9C11-A6E4F752BB7C}.Release|Any CPU.Build.0 = Release|Any CPU
		{B4340E07-C4F1-47F1-9E18-46F334A4B1D2}.Debug|Any CPU.ActiveCfg = Debug|Any CPU
		{B4340E07-C4F1-47F1-9E18-46F334A4B1D2}.Debug|Any CPU.Build.0 = Debug|Any CPU
		{B4340E07-C4F1-47F1-9E18-46F334A4B1D2}.Release|Any CPU.ActiveCfg = Release|Any CPU
		{B4340E07-C4F1-47F1-9E18-46F334A4B1D2}.Release|Any CPU.Build.0 = Release|Any CPU
	EndGlobalSection
	GlobalSection(SolutionProperties) = preSolution
		HideSolutionNode = FALSE
	EndGlobalSection
	GlobalSection(ExtensibilityGlobals) = postSolution
		SolutionGuid = {1089BA60-FC89-4BFF-8AAC-35423F107AAE}
	EndGlobalSection
EndGlobal
